
Microsoft Visual Studio Solution File, Format Version 12.00
# Visual Studio Version 17
VisualStudioVersion = 17.10.35013.160
MinimumVisualStudioVersion = 10.0.40219.1
Project("{FAE04EC0-301F-11D3-BF4B-00C04F79EFBC}") = "CFDocumentIndexer.UI", "CFDocumentIndexer.UI.csproj", "{1AEEBEDB-62B1-4C74-814B-13726E714088}"
EndProject
Project("{FAE04EC0-301F-11D3-BF4B-00C04F79EFBC}") = "CFDocumentIndexer.Common", "..\CFDocumentIndexer.Common\CFDocumentIndexer.Common.csproj", "{62BA4AEA-5CF4-4A85-9ECB-E6F02A3C19D7}"
EndProject
Project("{FAE04EC0-301F-11D3-BF4B-00C04F79EFBC}") = "CFDocumentIndexer.Microsoft", "..\CFDocumentIndexer.Microsoft\CFDocumentIndexer.Microsoft.csproj", "{3232590A-7F23-47B7-A2D7-3FFA794762DB}"
EndProject
Global
	GlobalSection(SolutionConfigurationPlatforms) = preSolution
		Debug|Any CPU = Debug|Any CPU
		Release|Any CPU = Release|Any CPU
	EndGlobalSection
	GlobalSection(ProjectConfigurationPlatforms) = postSolution
		{1AEEBEDB-62B1-4C74-814B-13726E714088}.Debug|Any CPU.ActiveCfg = Debug|Any CPU
		{1AEEBEDB-62B1-4C74-814B-13726E714088}.Debug|Any CPU.Build.0 = Debug|Any CPU
		{1AEEBEDB-62B1-4C74-814B-13726E714088}.Release|Any CPU.ActiveCfg = Release|Any CPU
		{1AEEBEDB-62B1-4C74-814B-13726E714088}.Release|Any CPU.Build.0 = Release|Any CPU
		{62BA4AEA-5CF4-4A85-9ECB-E6F02A3C19D7}.Debug|Any CPU.ActiveCfg = Debug|Any CPU
		{62BA4AEA-5CF4-4A85-9ECB-E6F02A3C19D7}.Debug|Any CPU.Build.0 = Debug|Any CPU
		{62BA4AEA-5CF4-4A85-9ECB-E6F02A3C19D7}.Release|Any CPU.ActiveCfg = Release|Any CPU
		{62BA4AEA-5CF4-4A85-9ECB-E6F02A3C19D7}.Release|Any CPU.Build.0 = Release|Any CPU
		{3232590A-7F23-47B7-A2D7-3FFA794762DB}.Debug|Any CPU.ActiveCfg = Debug|Any CPU
		{3232590A-7F23-47B7-A2D7-3FFA794762DB}.Debug|Any CPU.Build.0 = Debug|Any CPU
		{3232590A-7F23-47B7-A2D7-3FFA794762DB}.Release|Any CPU.ActiveCfg = Release|Any CPU
		{3232590A-7F23-47B7-A2D7-3FFA794762DB}.Release|Any CPU.Build.0 = Release|Any CPU
	EndGlobalSection
	GlobalSection(SolutionProperties) = preSolution
		HideSolutionNode = FALSE
	EndGlobalSection
	GlobalSection(ExtensibilityGlobals) = postSolution
		SolutionGuid = {3CC3464E-045F-4B6D-9940-6B1A7DB36BB2}
	EndGlobalSection
EndGlobal
